
Microsoft Visual Studio Solution File, Format Version 12.00
# Visual Studio Version 16
VisualStudioVersion = 16.0.30717.126
MinimumVisualStudioVersion = 10.0.40219.1
Project("{FAE04EC0-301F-11D3-BF4B-00C04F79EFBC}") = "Morse", "Morse\Morse.csproj", "{7C3B3879-899C-4187-997C-B1BD637CCAB2}"
EndProject
Project("{FAE04EC0-301F-11D3-BF4B-00C04F79EFBC}") = "MorseDecoderTest", "MorseDecoderTest\MorseDecoderTest.csproj", "{CA49BF27-E368-42AF-B394-66C23357274D}"
EndProject
Global
	GlobalSection(SolutionConfigurationPlatforms) = preSolution
		Debug|Any CPU = Debug|Any CPU
		Release|Any CPU = Release|Any CPU
	EndGlobalSection
	GlobalSection(ProjectConfigurationPlatforms) = postSolution
		{7C3B3879-899C-4187-997C-B1BD637CCAB2}.Debug|Any CPU.ActiveCfg = Debug|Any CPU
		{7C3B3879-899C-4187-997C-B1BD637CCAB2}.Debug|Any CPU.Build.0 = Debug|Any CPU
		{7C3B3879-899C-4187-997C-B1BD637CCAB2}.Release|Any CPU.ActiveCfg = Release|Any CPU
		{7C3B3879-899C-4187-997C-B1BD637CCAB2}.Release|Any CPU.Build.0 = Release|Any CPU
		{CA49BF27-E368-42AF-B394-66C23357274D}.Debug|Any CPU.ActiveCfg = Debug|Any CPU
		{CA49BF27-E368-42AF-B394-66C23357274D}.Debug|Any CPU.Build.0 = Debug|Any CPU
		{CA49BF27-E368-42AF-B394-66C23357274D}.Release|Any CPU.ActiveCfg = Release|Any CPU
		{CA49BF27-E368-42AF-B394-66C23357274D}.Release|Any CPU.Build.0 = Release|Any CPU
	EndGlobalSection
	GlobalSection(SolutionProperties) = preSolution
		HideSolutionNode = FALSE
	EndGlobalSection
	GlobalSection(ExtensibilityGlobals) = postSolution
		SolutionGuid = {F148EDA9-88E6-4693-82DF-7D0962A556C0}
	EndGlobalSection
EndGlobal
